
Microsoft Visual Studio Solution File, Format Version 12.00
# Visual Studio Version 16
VisualStudioVersion = 16.0.30804.86
MinimumVisualStudioVersion = 10.0.40219.1
Project("{9A19103F-16F7-4668-BE54-9A1E7A4F7556}") = "WebApp", "WebApp\WebApp.csproj", "{5DD57AA3-A58C-4F1A-A9CA-CD74D0B2FA25}"
EndProject
Project("{9A19103F-16F7-4668-BE54-9A1E7A4F7556}") = "Demo.Domain", "Demo.Domain\Demo.Domain.csproj", "{468233EF-3229-4F4C-BC36-39A3CA2EC232}"
EndProject
Project("{9A19103F-16F7-4668-BE54-9A1E7A4F7556}") = "Demo.Domain.Infrastructure", "Demo.Domain.Infrastructure\Demo.Domain.Infrastructure.csproj", "{71EFA5ED-4A75-4555-85E1-721BF6EB17EB}"
EndProject
Project("{9A19103F-16F7-4668-BE54-9A1E7A4F7556}") = "Common", "Common\Common.csproj", "{40EC1307-B397-4D5B-96DF-7639F4DB4B2B}"
EndProject
Project("{2150E333-8FDC-42A3-9474-1A3956D46DE8}") = "Solution Items", "Solution Items", "{0E7EF4ED-D7CB-4978-AD3E-0DB52C62DD8C}"
	ProjectSection(SolutionItems) = preProject
		Readme.md = Readme.md
	EndProjectSection
EndProject
Project("{2150E333-8FDC-42A3-9474-1A3956D46DE8}") = "tests", "tests", "{AB011FFA-F7D8-4433-8468-67C749B2FD4F}"
EndProject
Project("{FAE04EC0-301F-11D3-BF4B-00C04F79EFBC}") = "Demo.UnitTests", "Demo.UnitTests\Demo.UnitTests.csproj", "{953DEE15-640D-46C7-A8A9-2941AC29B936}"
EndProject
Global
	GlobalSection(SolutionConfigurationPlatforms) = preSolution
		Debug|Any CPU = Debug|Any CPU
		Release|Any CPU = Release|Any CPU
	EndGlobalSection
	GlobalSection(ProjectConfigurationPlatforms) = postSolution
		{5DD57AA3-A58C-4F1A-A9CA-CD74D0B2FA25}.Debug|Any CPU.ActiveCfg = Debug|Any CPU
		{5DD57AA3-A58C-4F1A-A9CA-CD74D0B2FA25}.Debug|Any CPU.Build.0 = Debug|Any CPU
		{5DD57AA3-A58C-4F1A-A9CA-CD74D0B2FA25}.Release|Any CPU.ActiveCfg = Release|Any CPU
		{5DD57AA3-A58C-4F1A-A9CA-CD74D0B2FA25}.Release|Any CPU.Build.0 = Release|Any CPU
		{468233EF-3229-4F4C-BC36-39A3CA2EC232}.Debug|Any CPU.ActiveCfg = Debug|Any CPU
		{468233EF-3229-4F4C-BC36-39A3CA2EC232}.Debug|Any CPU.Build.0 = Debug|Any CPU
		{468233EF-3229-4F4C-BC36-39A3CA2EC232}.Release|Any CPU.ActiveCfg = Release|Any CPU
		{468233EF-3229-4F4C-BC36-39A3CA2EC232}.Release|Any CPU.Build.0 = Release|Any CPU
		{71EFA5ED-4A75-4555-85E1-721BF6EB17EB}.Debug|Any CPU.ActiveCfg = Debug|Any CPU
		{71EFA5ED-4A75-4555-85E1-721BF6EB17EB}.Debug|Any CPU.Build.0 = Debug|Any CPU
		{71EFA5ED-4A75-4555-85E1-721BF6EB17EB}.Release|Any CPU.ActiveCfg = Release|Any CPU
		{71EFA5ED-4A75-4555-85E1-721BF6EB17EB}.Release|Any CPU.Build.0 = Release|Any CPU
		{40EC1307-B397-4D5B-96DF-7639F4DB4B2B}.Debug|Any CPU.ActiveCfg = Debug|Any CPU
		{40EC1307-B397-4D5B-96DF-7639F4DB4B2B}.Debug|Any CPU.Build.0 = Debug|Any CPU
		{40EC1307-B397-4D5B-96DF-7639F4DB4B2B}.Release|Any CPU.ActiveCfg = Release|Any CPU
		{40EC1307-B397-4D5B-96DF-7639F4DB4B2B}.Release|Any CPU.Build.0 = Release|Any CPU
		{953DEE15-640D-46C7-A8A9-2941AC29B936}.Debug|Any CPU.ActiveCfg = Debug|Any CPU
		{953DEE15-640D-46C7-A8A9-2941AC29B936}.Debug|Any CPU.Build.0 = Debug|Any CPU
		{953DEE15-640D-46C7-A8A9-2941AC29B936}.Release|Any CPU.ActiveCfg = Release|Any CPU
		{953DEE15-640D-46C7-A8A9-2941AC29B936}.Release|Any CPU.Build.0 = Release|Any CPU
	EndGlobalSection
	GlobalSection(SolutionProperties) = preSolution
		HideSolutionNode = FALSE
	EndGlobalSection
	GlobalSection(NestedProjects) = preSolution
		{953DEE15-640D-46C7-A8A9-2941AC29B936} = {AB011FFA-F7D8-4433-8468-67C749B2FD4F}
	EndGlobalSection
	GlobalSection(ExtensibilityGlobals) = postSolution
		SolutionGuid = {B7213C30-731C-4AC4-8BDF-E0F3218F51C8}
	EndGlobalSection
EndGlobal
