
Microsoft Visual Studio Solution File, Format Version 12.00
# Visual Studio Version 17
VisualStudioVersion = 17.4.33213.308
MinimumVisualStudioVersion = 10.0.40219.1
Project("{9A19103F-16F7-4668-BE54-9A1E7A4F7556}") = "WebApp", "WebApp\WebApp.csproj", "{5DD57AA3-A58C-4F1A-A9CA-CD74D0B2FA25}"
EndProject
Project("{9A19103F-16F7-4668-BE54-9A1E7A4F7556}") = "Demo.Domain", "Demo.Domain\Demo.Domain.csproj", "{468233EF-3229-4F4C-BC36-39A3CA2EC232}"
EndProject
Project("{9A19103F-16F7-4668-BE54-9A1E7A4F7556}") = "Demo.Domain.Infrastructure", "Demo.Domain.Infrastructure\Demo.Domain.Infrastructure.csproj", "{71EFA5ED-4A75-4555-85E1-721BF6EB17EB}"
EndProject
Project("{9A19103F-16F7-4668-BE54-9A1E7A4F7556}") = "Common", "Common\Common.csproj", "{40EC1307-B397-4D5B-96DF-7639F4DB4B2B}"
EndProject
Project("{2150E333-8FDC-42A3-9474-1A3956D46DE8}") = "Solution Items", "Solution Items", "{0E7EF4ED-D7CB-4978-AD3E-0DB52C62DD8C}"
	ProjectSection(SolutionItems) = preProject
		Readme.md = Readme.md
	EndProjectSection
EndProject
Project("{2150E333-8FDC-42A3-9474-1A3956D46DE8}") = "tests", "tests", "{AB011FFA-F7D8-4433-8468-67C749B2FD4F}"
EndProject
Project("{9A19103F-16F7-4668-BE54-9A1E7A4F7556}") = "Demo.UnitTests", "Demo.UnitTests\Demo.UnitTests.csproj", "{953DEE15-640D-46C7-A8A9-2941AC29B936}"
EndProject
Project("{A07B5EB6-E848-4116-A8D0-A826331D98C6}") = "FabricApp", "Fabric\FabricApp\FabricApp.sfproj", "{D3CCD26A-B4A3-440D-BB90-FAD922EE74D8}"
EndProject
Project("{9A19103F-16F7-4668-BE54-9A1E7A4F7556}") = "WebApi", "Fabric\Fabric\WebApi\WebApi.csproj", "{CEF8CA8F-3C52-4C9A-81FB-F2B342FE08A6}"
EndProject
Project("{2150E333-8FDC-42A3-9474-1A3956D46DE8}") = "Fabric", "Fabric", "{9CDBF317-DD94-41B9-8C03-7677129D1A90}"
EndProject
Project("{2150E333-8FDC-42A3-9474-1A3956D46DE8}") = "Commons", "Commons", "{06FEA2B4-E326-4A0C-9625-3136D2ED0630}"
EndProject
Project("{9A19103F-16F7-4668-BE54-9A1E7A4F7556}") = "Common.Azure", "Common.Azure\Common.Azure.csproj", "{E743DD0A-22DF-4A36-984F-7D0A715AFAF4}"
EndProject
Project("{2150E333-8FDC-42A3-9474-1A3956D46DE8}") = "Core", "Core", "{0D45B0E7-FCEE-43FD-B07D-35864C72D1CA}"
EndProject
Project("{2150E333-8FDC-42A3-9474-1A3956D46DE8}") = "DataStore", "DataStore", "{4DD92EAA-DE17-4D9D-BE2F-FEE95922596E}"
EndProject
Project("{2150E333-8FDC-42A3-9474-1A3956D46DE8}") = "Apis", "Apis", "{DA4C782A-1B28-432A-9A74-C412DD8808E5}"
EndProject
Project("{9A19103F-16F7-4668-BE54-9A1E7A4F7556}") = "WebApi", "WebApi\WebApi.csproj", "{76FE6E99-A655-48CB-99E7-DE14A06CD435}"
EndProject
Project("{9A19103F-16F7-4668-BE54-9A1E7A4F7556}") = "WebApi.Test", "WebApi.Test\WebApi.Test.csproj", "{675F0943-05C5-4BC6-AC86-F7AC11FF0B57}"
EndProject
Project("{FAE04EC0-301F-11D3-BF4B-00C04F79EFBC}") = "Demo.Domain.Services", "Demo.Domain.Services\Demo.Domain.Services.csproj", "{7F27EDE9-ADA5-423D-B006-D3C8FE133C40}"
EndProject
Project("{FAE04EC0-301F-11D3-BF4B-00C04F79EFBC}") = "Demo.Domain.Services.Test", "Demo.Domain.Services.Test\Demo.Domain.Services.Test.csproj", "{68695AEA-7397-467B-BE2A-0400014198B7}"
EndProject
Global
	GlobalSection(SolutionConfigurationPlatforms) = preSolution
		Debug|Any CPU = Debug|Any CPU
		Debug|x64 = Debug|x64
		Release|Any CPU = Release|Any CPU
		Release|x64 = Release|x64
	EndGlobalSection
	GlobalSection(ProjectConfigurationPlatforms) = postSolution
		{5DD57AA3-A58C-4F1A-A9CA-CD74D0B2FA25}.Debug|Any CPU.ActiveCfg = Debug|Any CPU
		{5DD57AA3-A58C-4F1A-A9CA-CD74D0B2FA25}.Debug|Any CPU.Build.0 = Debug|Any CPU
		{5DD57AA3-A58C-4F1A-A9CA-CD74D0B2FA25}.Debug|x64.ActiveCfg = Debug|Any CPU
		{5DD57AA3-A58C-4F1A-A9CA-CD74D0B2FA25}.Debug|x64.Build.0 = Debug|Any CPU
		{5DD57AA3-A58C-4F1A-A9CA-CD74D0B2FA25}.Release|Any CPU.ActiveCfg = Release|Any CPU
		{5DD57AA3-A58C-4F1A-A9CA-CD74D0B2FA25}.Release|Any CPU.Build.0 = Release|Any CPU
		{5DD57AA3-A58C-4F1A-A9CA-CD74D0B2FA25}.Release|x64.ActiveCfg = Release|Any CPU
		{5DD57AA3-A58C-4F1A-A9CA-CD74D0B2FA25}.Release|x64.Build.0 = Release|Any CPU
		{468233EF-3229-4F4C-BC36-39A3CA2EC232}.Debug|Any CPU.ActiveCfg = Debug|Any CPU
		{468233EF-3229-4F4C-BC36-39A3CA2EC232}.Debug|Any CPU.Build.0 = Debug|Any CPU
		{468233EF-3229-4F4C-BC36-39A3CA2EC232}.Debug|x64.ActiveCfg = Debug|Any CPU
		{468233EF-3229-4F4C-BC36-39A3CA2EC232}.Debug|x64.Build.0 = Debug|Any CPU
		{468233EF-3229-4F4C-BC36-39A3CA2EC232}.Release|Any CPU.ActiveCfg = Release|Any CPU
		{468233EF-3229-4F4C-BC36-39A3CA2EC232}.Release|Any CPU.Build.0 = Release|Any CPU
		{468233EF-3229-4F4C-BC36-39A3CA2EC232}.Release|x64.ActiveCfg = Release|Any CPU
		{468233EF-3229-4F4C-BC36-39A3CA2EC232}.Release|x64.Build.0 = Release|Any CPU
		{71EFA5ED-4A75-4555-85E1-721BF6EB17EB}.Debug|Any CPU.ActiveCfg = Debug|Any CPU
		{71EFA5ED-4A75-4555-85E1-721BF6EB17EB}.Debug|Any CPU.Build.0 = Debug|Any CPU
		{71EFA5ED-4A75-4555-85E1-721BF6EB17EB}.Debug|x64.ActiveCfg = Debug|Any CPU
		{71EFA5ED-4A75-4555-85E1-721BF6EB17EB}.Debug|x64.Build.0 = Debug|Any CPU
		{71EFA5ED-4A75-4555-85E1-721BF6EB17EB}.Release|Any CPU.ActiveCfg = Release|Any CPU
		{71EFA5ED-4A75-4555-85E1-721BF6EB17EB}.Release|Any CPU.Build.0 = Release|Any CPU
		{71EFA5ED-4A75-4555-85E1-721BF6EB17EB}.Release|x64.ActiveCfg = Release|Any CPU
		{71EFA5ED-4A75-4555-85E1-721BF6EB17EB}.Release|x64.Build.0 = Release|Any CPU
		{40EC1307-B397-4D5B-96DF-7639F4DB4B2B}.Debug|Any CPU.ActiveCfg = Debug|Any CPU
		{40EC1307-B397-4D5B-96DF-7639F4DB4B2B}.Debug|Any CPU.Build.0 = Debug|Any CPU
		{40EC1307-B397-4D5B-96DF-7639F4DB4B2B}.Debug|x64.ActiveCfg = Debug|Any CPU
		{40EC1307-B397-4D5B-96DF-7639F4DB4B2B}.Debug|x64.Build.0 = Debug|Any CPU
		{40EC1307-B397-4D5B-96DF-7639F4DB4B2B}.Release|Any CPU.ActiveCfg = Release|Any CPU
		{40EC1307-B397-4D5B-96DF-7639F4DB4B2B}.Release|Any CPU.Build.0 = Release|Any CPU
		{40EC1307-B397-4D5B-96DF-7639F4DB4B2B}.Release|x64.ActiveCfg = Release|Any CPU
		{40EC1307-B397-4D5B-96DF-7639F4DB4B2B}.Release|x64.Build.0 = Release|Any CPU
		{953DEE15-640D-46C7-A8A9-2941AC29B936}.Debug|Any CPU.ActiveCfg = Debug|Any CPU
		{953DEE15-640D-46C7-A8A9-2941AC29B936}.Debug|Any CPU.Build.0 = Debug|Any CPU
		{953DEE15-640D-46C7-A8A9-2941AC29B936}.Debug|x64.ActiveCfg = Debug|Any CPU
		{953DEE15-640D-46C7-A8A9-2941AC29B936}.Debug|x64.Build.0 = Debug|Any CPU
		{953DEE15-640D-46C7-A8A9-2941AC29B936}.Release|Any CPU.ActiveCfg = Release|Any CPU
		{953DEE15-640D-46C7-A8A9-2941AC29B936}.Release|Any CPU.Build.0 = Release|Any CPU
		{953DEE15-640D-46C7-A8A9-2941AC29B936}.Release|x64.ActiveCfg = Release|Any CPU
		{953DEE15-640D-46C7-A8A9-2941AC29B936}.Release|x64.Build.0 = Release|Any CPU
		{D3CCD26A-B4A3-440D-BB90-FAD922EE74D8}.Debug|Any CPU.ActiveCfg = Debug|x64
		{D3CCD26A-B4A3-440D-BB90-FAD922EE74D8}.Debug|x64.ActiveCfg = Debug|x64
		{D3CCD26A-B4A3-440D-BB90-FAD922EE74D8}.Debug|x64.Build.0 = Debug|x64
		{D3CCD26A-B4A3-440D-BB90-FAD922EE74D8}.Debug|x64.Deploy.0 = Debug|x64
		{D3CCD26A-B4A3-440D-BB90-FAD922EE74D8}.Release|Any CPU.ActiveCfg = Release|x64
		{D3CCD26A-B4A3-440D-BB90-FAD922EE74D8}.Release|x64.ActiveCfg = Release|x64
		{D3CCD26A-B4A3-440D-BB90-FAD922EE74D8}.Release|x64.Build.0 = Release|x64
		{D3CCD26A-B4A3-440D-BB90-FAD922EE74D8}.Release|x64.Deploy.0 = Release|x64
		{CEF8CA8F-3C52-4C9A-81FB-F2B342FE08A6}.Debug|Any CPU.ActiveCfg = Debug|Any CPU
		{CEF8CA8F-3C52-4C9A-81FB-F2B342FE08A6}.Debug|Any CPU.Build.0 = Debug|Any CPU
		{CEF8CA8F-3C52-4C9A-81FB-F2B342FE08A6}.Debug|x64.ActiveCfg = Debug|Any CPU
		{CEF8CA8F-3C52-4C9A-81FB-F2B342FE08A6}.Debug|x64.Build.0 = Debug|Any CPU
		{CEF8CA8F-3C52-4C9A-81FB-F2B342FE08A6}.Release|Any CPU.ActiveCfg = Release|Any CPU
		{CEF8CA8F-3C52-4C9A-81FB-F2B342FE08A6}.Release|Any CPU.Build.0 = Release|Any CPU
		{CEF8CA8F-3C52-4C9A-81FB-F2B342FE08A6}.Release|x64.ActiveCfg = Release|Any CPU
		{CEF8CA8F-3C52-4C9A-81FB-F2B342FE08A6}.Release|x64.Build.0 = Release|Any CPU
		{E743DD0A-22DF-4A36-984F-7D0A715AFAF4}.Debug|Any CPU.ActiveCfg = Debug|Any CPU
		{E743DD0A-22DF-4A36-984F-7D0A715AFAF4}.Debug|Any CPU.Build.0 = Debug|Any CPU
		{E743DD0A-22DF-4A36-984F-7D0A715AFAF4}.Debug|x64.ActiveCfg = Debug|Any CPU
		{E743DD0A-22DF-4A36-984F-7D0A715AFAF4}.Debug|x64.Build.0 = Debug|Any CPU
		{E743DD0A-22DF-4A36-984F-7D0A715AFAF4}.Release|Any CPU.ActiveCfg = Release|Any CPU
		{E743DD0A-22DF-4A36-984F-7D0A715AFAF4}.Release|Any CPU.Build.0 = Release|Any CPU
		{E743DD0A-22DF-4A36-984F-7D0A715AFAF4}.Release|x64.ActiveCfg = Release|Any CPU
		{E743DD0A-22DF-4A36-984F-7D0A715AFAF4}.Release|x64.Build.0 = Release|Any CPU
		{76FE6E99-A655-48CB-99E7-DE14A06CD435}.Debug|Any CPU.ActiveCfg = Debug|Any CPU
		{76FE6E99-A655-48CB-99E7-DE14A06CD435}.Debug|Any CPU.Build.0 = Debug|Any CPU
		{76FE6E99-A655-48CB-99E7-DE14A06CD435}.Debug|x64.ActiveCfg = Debug|Any CPU
		{76FE6E99-A655-48CB-99E7-DE14A06CD435}.Debug|x64.Build.0 = Debug|Any CPU
		{76FE6E99-A655-48CB-99E7-DE14A06CD435}.Release|Any CPU.ActiveCfg = Release|Any CPU
		{76FE6E99-A655-48CB-99E7-DE14A06CD435}.Release|Any CPU.Build.0 = Release|Any CPU
		{76FE6E99-A655-48CB-99E7-DE14A06CD435}.Release|x64.ActiveCfg = Release|Any CPU
		{76FE6E99-A655-48CB-99E7-DE14A06CD435}.Release|x64.Build.0 = Release|Any CPU
		{675F0943-05C5-4BC6-AC86-F7AC11FF0B57}.Debug|Any CPU.ActiveCfg = Debug|Any CPU
		{675F0943-05C5-4BC6-AC86-F7AC11FF0B57}.Debug|Any CPU.Build.0 = Debug|Any CPU
		{675F0943-05C5-4BC6-AC86-F7AC11FF0B57}.Debug|x64.ActiveCfg = Debug|Any CPU
		{675F0943-05C5-4BC6-AC86-F7AC11FF0B57}.Debug|x64.Build.0 = Debug|Any CPU
		{675F0943-05C5-4BC6-AC86-F7AC11FF0B57}.Release|Any CPU.ActiveCfg = Release|Any CPU
		{675F0943-05C5-4BC6-AC86-F7AC11FF0B57}.Release|Any CPU.Build.0 = Release|Any CPU
		{675F0943-05C5-4BC6-AC86-F7AC11FF0B57}.Release|x64.ActiveCfg = Release|Any CPU
		{675F0943-05C5-4BC6-AC86-F7AC11FF0B57}.Release|x64.Build.0 = Release|Any CPU
		{7F27EDE9-ADA5-423D-B006-D3C8FE133C40}.Debug|Any CPU.ActiveCfg = Debug|Any CPU
		{7F27EDE9-ADA5-423D-B006-D3C8FE133C40}.Debug|Any CPU.Build.0 = Debug|Any CPU
		{7F27EDE9-ADA5-423D-B006-D3C8FE133C40}.Debug|x64.ActiveCfg = Debug|Any CPU
		{7F27EDE9-ADA5-423D-B006-D3C8FE133C40}.Debug|x64.Build.0 = Debug|Any CPU
		{7F27EDE9-ADA5-423D-B006-D3C8FE133C40}.Release|Any CPU.ActiveCfg = Release|Any CPU
		{7F27EDE9-ADA5-423D-B006-D3C8FE133C40}.Release|Any CPU.Build.0 = Release|Any CPU
		{7F27EDE9-ADA5-423D-B006-D3C8FE133C40}.Release|x64.ActiveCfg = Release|Any CPU
		{7F27EDE9-ADA5-423D-B006-D3C8FE133C40}.Release|x64.Build.0 = Release|Any CPU
		{68695AEA-7397-467B-BE2A-0400014198B7}.Debug|Any CPU.ActiveCfg = Debug|Any CPU
		{68695AEA-7397-467B-BE2A-0400014198B7}.Debug|Any CPU.Build.0 = Debug|Any CPU
		{68695AEA-7397-467B-BE2A-0400014198B7}.Debug|x64.ActiveCfg = Debug|Any CPU
		{68695AEA-7397-467B-BE2A-0400014198B7}.Debug|x64.Build.0 = Debug|Any CPU
		{68695AEA-7397-467B-BE2A-0400014198B7}.Release|Any CPU.ActiveCfg = Release|Any CPU
		{68695AEA-7397-467B-BE2A-0400014198B7}.Release|Any CPU.Build.0 = Release|Any CPU
		{68695AEA-7397-467B-BE2A-0400014198B7}.Release|x64.ActiveCfg = Release|Any CPU
		{68695AEA-7397-467B-BE2A-0400014198B7}.Release|x64.Build.0 = Release|Any CPU
	EndGlobalSection
	GlobalSection(SolutionProperties) = preSolution
		HideSolutionNode = FALSE
	EndGlobalSection
	GlobalSection(NestedProjects) = preSolution
		{5DD57AA3-A58C-4F1A-A9CA-CD74D0B2FA25} = {DA4C782A-1B28-432A-9A74-C412DD8808E5}
		{468233EF-3229-4F4C-BC36-39A3CA2EC232} = {0D45B0E7-FCEE-43FD-B07D-35864C72D1CA}
		{71EFA5ED-4A75-4555-85E1-721BF6EB17EB} = {4DD92EAA-DE17-4D9D-BE2F-FEE95922596E}
		{40EC1307-B397-4D5B-96DF-7639F4DB4B2B} = {06FEA2B4-E326-4A0C-9625-3136D2ED0630}
		{953DEE15-640D-46C7-A8A9-2941AC29B936} = {AB011FFA-F7D8-4433-8468-67C749B2FD4F}
		{D3CCD26A-B4A3-440D-BB90-FAD922EE74D8} = {9CDBF317-DD94-41B9-8C03-7677129D1A90}
		{CEF8CA8F-3C52-4C9A-81FB-F2B342FE08A6} = {9CDBF317-DD94-41B9-8C03-7677129D1A90}
		{E743DD0A-22DF-4A36-984F-7D0A715AFAF4} = {06FEA2B4-E326-4A0C-9625-3136D2ED0630}
		{76FE6E99-A655-48CB-99E7-DE14A06CD435} = {DA4C782A-1B28-432A-9A74-C412DD8808E5}
		{675F0943-05C5-4BC6-AC86-F7AC11FF0B57} = {AB011FFA-F7D8-4433-8468-67C749B2FD4F}
		{7F27EDE9-ADA5-423D-B006-D3C8FE133C40} = {0D45B0E7-FCEE-43FD-B07D-35864C72D1CA}
		{68695AEA-7397-467B-BE2A-0400014198B7} = {AB011FFA-F7D8-4433-8468-67C749B2FD4F}
	EndGlobalSection
	GlobalSection(ExtensibilityGlobals) = postSolution
		SolutionGuid = {B7213C30-731C-4AC4-8BDF-E0F3218F51C8}
	EndGlobalSection
EndGlobal
